version: 2.0
shards:
  backtracer:
    git: https://github.com/sija/backtracer.cr.git
    version: 1.2.2

  exception_page:
    git: https://github.com/crystal-loot/exception_page.git
    version: 0.3.0+git.commit.57aedc538a8f7d9d41cce4915c198b473e56f6ee

  kemal:
    git: https://github.com/zw963/kemal.git
    version: 1.4.0+git.commit.146cd2c93e8583ac45f0a091c008df284510a563

  radix:
    git: https://github.com/luislavena/radix.git
    version: 0.4.1

  spec-kemal:
    git: https://github.com/kemalcr/spec-kemal.git
    version: 1.0.0

